
Microsoft Visual Studio Solution File, Format Version 12.00
# Visual Studio Version 17
VisualStudioVersion = 17.9.34622.214
MinimumVisualStudioVersion = 10.0.40219.1
Project("{FAE04EC0-301F-11D3-BF4B-00C04F79EFBC}") = "NET105_lab2.1", "NET105_lab2.1\NET105_lab2.1.csproj", "{4CFB5BD2-9863-42FC-B3B9-402E1C22EC85}"
EndProject
Project("{FAE04EC0-301F-11D3-BF4B-00C04F79EFBC}") = "NET105_Lab2.2", "NET105_Lab2.2\NET105_Lab2.2.csproj", "{E7FBFA8E-DA98-4CCB-B6A1-06A9175C4A26}"
EndProject
Global
	GlobalSection(SolutionConfigurationPlatforms) = preSolution
		Debug|Any CPU = Debug|Any CPU
		Release|Any CPU = Release|Any CPU
	EndGlobalSection
	GlobalSection(ProjectConfigurationPlatforms) = postSolution
		{4CFB5BD2-9863-42FC-B3B9-402E1C22EC85}.Debug|Any CPU.ActiveCfg = Debug|Any CPU
		{4CFB5BD2-9863-42FC-B3B9-402E1C22EC85}.Debug|Any CPU.Build.0 = Debug|Any CPU
		{4CFB5BD2-9863-42FC-B3B9-402E1C22EC85}.Release|Any CPU.ActiveCfg = Release|Any CPU
		{4CFB5BD2-9863-42FC-B3B9-402E1C22EC85}.Release|Any CPU.Build.0 = Release|Any CPU
		{E7FBFA8E-DA98-4CCB-B6A1-06A9175C4A26}.Debug|Any CPU.ActiveCfg = Debug|Any CPU
		{E7FBFA8E-DA98-4CCB-B6A1-06A9175C4A26}.Debug|Any CPU.Build.0 = Debug|Any CPU
		{E7FBFA8E-DA98-4CCB-B6A1-06A9175C4A26}.Release|Any CPU.ActiveCfg = Release|Any CPU
		{E7FBFA8E-DA98-4CCB-B6A1-06A9175C4A26}.Release|Any CPU.Build.0 = Release|Any CPU
	EndGlobalSection
	GlobalSection(SolutionProperties) = preSolution
		HideSolutionNode = FALSE
	EndGlobalSection
	GlobalSection(ExtensibilityGlobals) = postSolution
		SolutionGuid = {41A2D69D-CCD4-4F98-91FF-D991AE5D16F7}
	EndGlobalSection
EndGlobal
